
Microsoft Visual Studio Solution File, Format Version 12.00
# Visual Studio Version 17
VisualStudioVersion = 17.5.33424.131
MinimumVisualStudioVersion = 10.0.40219.1
Project("{8BC9CEB8-8B4A-11D0-8D11-00A0C91BC942}") = "stl_study", "stl_study.vcxproj", "{DFD47FEB-A817-42E9-BA6A-23DB626C1398}"
EndProject
Global
	GlobalSection(SolutionConfigurationPlatforms) = preSolution
		Debug|x64 = Debug|x64
		Debug|x86 = Debug|x86
		Release|x64 = Release|x64
		Release|x86 = Release|x86
	EndGlobalSection
	GlobalSection(ProjectConfigurationPlatforms) = postSolution
		{DFD47FEB-A817-42E9-BA6A-23DB626C1398}.Debug|x64.ActiveCfg = Debug|x64
		{DFD47FEB-A817-42E9-BA6A-23DB626C1398}.Debug|x64.Build.0 = Debug|x64
		{DFD47FEB-A817-42E9-BA6A-23DB626C1398}.Debug|x86.ActiveCfg = Debug|Win32
		{DFD47FEB-A817-42E9-BA6A-23DB626C1398}.Debug|x86.Build.0 = Debug|Win32
		{DFD47FEB-A817-42E9-BA6A-23DB626C1398}.Release|x64.ActiveCfg = Release|x64
		{DFD47FEB-A817-42E9-BA6A-23DB626C1398}.Release|x64.Build.0 = Release|x64
		{DFD47FEB-A817-42E9-BA6A-23DB626C1398}.Release|x86.ActiveCfg = Release|Win32
		{DFD47FEB-A817-42E9-BA6A-23DB626C1398}.Release|x86.Build.0 = Release|Win32
	EndGlobalSection
	GlobalSection(SolutionProperties) = preSolution
		HideSolutionNode = FALSE
	EndGlobalSection
	GlobalSection(ExtensibilityGlobals) = postSolution
		SolutionGuid = {CCD20F83-A51E-48B3-BA2E-D429808214CC}
	EndGlobalSection
EndGlobal
